
Microsoft Visual Studio Solution File, Format Version 12.00
# Visual Studio Version 16
VisualStudioVersion = 16.0.31025.194
MinimumVisualStudioVersion = 10.0.40219.1
Project("{FAE04EC0-301F-11D3-BF4B-00C04F79EFBC}") = "BancoTierraMedia", "BancoTierraMedia.csproj", "{04309063-2772-456E-9774-4E9B786EFD9D}"
EndProject
Global
	GlobalSection(SolutionConfigurationPlatforms) = preSolution
		Debug|Any CPU = Debug|Any CPU
		Release|Any CPU = Release|Any CPU
	EndGlobalSection
	GlobalSection(ProjectConfigurationPlatforms) = postSolution
		{04309063-2772-456E-9774-4E9B786EFD9D}.Debug|Any CPU.ActiveCfg = Debug|Any CPU
		{04309063-2772-456E-9774-4E9B786EFD9D}.Debug|Any CPU.Build.0 = Debug|Any CPU
		{04309063-2772-456E-9774-4E9B786EFD9D}.Release|Any CPU.ActiveCfg = Release|Any CPU
		{04309063-2772-456E-9774-4E9B786EFD9D}.Release|Any CPU.Build.0 = Release|Any CPU
	EndGlobalSection
	GlobalSection(SolutionProperties) = preSolution
		HideSolutionNode = FALSE
	EndGlobalSection
	GlobalSection(ExtensibilityGlobals) = postSolution
		SolutionGuid = {E77788B1-C484-498D-9BE4-E51F9213E6FA}
	EndGlobalSection
EndGlobal
